
Microsoft Visual Studio Solution File, Format Version 12.00
# Visual Studio Version 17
VisualStudioVersion = 17.4.33213.308
MinimumVisualStudioVersion = 10.0.40219.1
Project("{FAE04EC0-301F-11D3-BF4B-00C04F79EFBC}") = "Marathon skills 2016", "Marathon skills 2016\Marathon skills 2016.csproj", "{32283115-7992-49FC-8A8F-17640BD7815C}"
EndProject
Global
	GlobalSection(SolutionConfigurationPlatforms) = preSolution
		Debug|Any CPU = Debug|Any CPU
		Release|Any CPU = Release|Any CPU
	EndGlobalSection
	GlobalSection(ProjectConfigurationPlatforms) = postSolution
		{32283115-7992-49FC-8A8F-17640BD7815C}.Debug|Any CPU.ActiveCfg = Debug|Any CPU
		{32283115-7992-49FC-8A8F-17640BD7815C}.Debug|Any CPU.Build.0 = Debug|Any CPU
		{32283115-7992-49FC-8A8F-17640BD7815C}.Release|Any CPU.ActiveCfg = Release|Any CPU
		{32283115-7992-49FC-8A8F-17640BD7815C}.Release|Any CPU.Build.0 = Release|Any CPU
	EndGlobalSection
	GlobalSection(SolutionProperties) = preSolution
		HideSolutionNode = FALSE
	EndGlobalSection
	GlobalSection(ExtensibilityGlobals) = postSolution
		SolutionGuid = {3B8B4D33-2A4A-48A4-8069-5A9AA8C9A6B2}
	EndGlobalSection
EndGlobal
